// !$*UTF8*$!
{
	archiveVersion = 1;
	classes = {
	};
	objectVersion = 46;
	objects = {

/* Begin PBXBuildFile section */
		0426505D134DA1EA002D011A /* UIKit.framework in Frameworks */ = {isa = PBXBuildFile; fileRef = 0426505C134DA1EA002D011A /* UIKit.framework */; };
		0426505F134DA1EA002D011A /* Foundation.framework in Frameworks */ = {isa = PBXBuildFile; fileRef = 0426505E134DA1EA002D011A /* Foundation.framework */; };
		04265061134DA1EA002D011A /* CoreGraphics.framework in Frameworks */ = {isa = PBXBuildFile; fileRef = 04265060134DA1EA002D011A /* CoreGraphics.framework */; };
		04265067134DA1EA002D011A /* InfoPlist.strings in Resources */ = {isa = PBXBuildFile; fileRef = 04265065134DA1EA002D011A /* InfoPlist.strings */; };
		0426506A134DA1EA002D011A /* main.m in Sources */ = {isa = PBXBuildFile; fileRef = 04265069134DA1EA002D011A /* main.m */; };
		0426506D134DA1EA002D011A /* MapSample01AppDelegate.m in Sources */ = {isa = PBXBuildFile; fileRef = 0426506C134DA1EA002D011A /* MapSample01AppDelegate.m */; };
		04265070134DA1EA002D011A /* MainWindow.xib in Resources */ = {isa = PBXBuildFile; fileRef = 0426506E134DA1EA002D011A /* MainWindow.xib */; };
		04265073134DA1EA002D011A /* MapSample01ViewController.m in Sources */ = {isa = PBXBuildFile; fileRef = 04265072134DA1EA002D011A /* MapSample01ViewController.m */; };
		04265076134DA1EA002D011A /* MapSample01ViewController.xib in Resources */ = {isa = PBXBuildFile; fileRef = 04265074134DA1EA002D011A /* MapSample01ViewController.xib */; };
		0426507D134DA209002D011A /* MapKit.framework in Frameworks */ = {isa = PBXBuildFile; fileRef = 0426507C134DA209002D011A /* MapKit.framework */; };
		04265088134DA2CD002D011A /* Place.m in Sources */ = {isa = PBXBuildFile; fileRef = 04265087134DA2CD002D011A /* Place.m */; };
/* End PBXBuildFile section */

/* Begin PBXFileReference section */
		04265058134DA1EA002D011A /* MapSample01.app */ = {isa = PBXFileReference; explicitFileType = wrapper.application; includeInIndex = 0; path = MapSample01.app; sourceTree = BUILT_PRODUCTS_DIR; };
		0426505C134DA1EA002D011A /* UIKit.framework */ = {isa = PBXFileReference; lastKnownFileType = wrapper.framework; name = UIKit.framework; path = System/Library/Frameworks/UIKit.framework; sourceTree = SDKROOT; };
		0426505E134DA1EA002D011A /* Foundation.framework */ = {isa = PBXFileReference; lastKnownFileType = wrapper.framework; name = Foundation.framework; path = System/Library/Frameworks/Foundation.framework; sourceTree = SDKROOT; };
		04265060134DA1EA002D011A /* CoreGraphics.framework */ = {isa = PBXFileReference; lastKnownFileType = wrapper.framework; name = CoreGraphics.framework; path = System/Library/Frameworks/CoreGraphics.framework; sourceTree = SDKROOT; };
		04265064134DA1EA002D011A /* MapSample01-Info.plist */ = {isa = PBXFileReference; lastKnownFileType = text.plist.xml; path = "MapSample01-Info.plist"; sourceTree = "<group>"; };
		04265066134DA1EA002D011A /* en */ = {isa = PBXFileReference; lastKnownFileType = text.plist.strings; name = en; path = en.lproj/InfoPlist.strings; sourceTree = "<group>"; };
		04265068134DA1EA002D011A /* MapSample01-Prefix.pch */ = {isa = PBXFileReference; lastKnownFileType = sourcecode.c.h; path = "MapSample01-Prefix.pch"; sourceTree = "<group>"; };
		04265069134DA1EA002D011A /* main.m */ = {isa = PBXFileReference; lastKnownFileType = sourcecode.c.objc; path = main.m; sourceTree = "<group>"; };
		0426506B134DA1EA002D011A /* MapSample01AppDelegate.h */ = {isa = PBXFileReference; lastKnownFileType = sourcecode.c.h; path = MapSample01AppDelegate.h; sourceTree = "<group>"; };
		0426506C134DA1EA002D011A /* MapSample01AppDelegate.m */ = {isa = PBXFileReference; lastKnownFileType = sourcecode.c.objc; path = MapSample01AppDelegate.m; sourceTree = "<group>"; };
		0426506F134DA1EA002D011A /* en */ = {isa = PBXFileReference; lastKnownFileType = file.xib; name = en; path = en.lproj/MainWindow.xib; sourceTree = "<group>"; };
		04265071134DA1EA002D011A /* MapSample01ViewController.h */ = {isa = PBXFileReference; lastKnownFileType = sourcecode.c.h; path = MapSample01ViewController.h; sourceTree = "<group>"; };
		04265072134DA1EA002D011A /* MapSample01ViewController.m */ = {isa = PBXFileReference; lastKnownFileType = sourcecode.c.objc; path = MapSample01ViewController.m; sourceTree = "<group>"; };
		04265075134DA1EA002D011A /* en */ = {isa = PBXFileReference; lastKnownFileType = file.xib; name = en; path = en.lproj/MapSample01ViewController.xib; sourceTree = "<group>"; };
		0426507C134DA209002D011A /* MapKit.framework */ = {isa = PBXFileReference; lastKnownFileType = wrapper.framework; name = MapKit.framework; path = Platforms/iPhoneSimulator.platform/Developer/SDKs/iPhoneSimulator4.3.sdk/System/Library/Frameworks/MapKit.framework; sourceTree = DEVELOPER_DIR; };
		04265086134DA2CD002D011A /* Place.h */ = {isa = PBXFileReference; fileEncoding = 4; lastKnownFileType = sourcecode.c.h; path = Place.h; sourceTree = "<group>"; };
		04265087134DA2CD002D011A /* Place.m */ = {isa = PBXFileReference; fileEncoding = 4; lastKnownFileType = sourcecode.c.objc; path = Place.m; sourceTree = "<group>"; };
/* End PBXFileReference section */

/* Begin PBXFrameworksBuildPhase section */
		04265055134DA1EA002D011A /* Frameworks */ = {
			isa = PBXFrameworksBuildPhase;
			buildActionMask = 2147483647;
			files = (
				0426505D134DA1EA002D011A /* UIKit.framework in Frameworks */,
				0426505F134DA1EA002D011A /* Foundation.framework in Frameworks */,
				04265061134DA1EA002D011A /* CoreGraphics.framework in Frameworks */,
				0426507D134DA209002D011A /* MapKit.framework in Frameworks */,
			);
			runOnlyForDeploymentPostprocessing = 0;
		};
/* End PBXFrameworksBuildPhase section */

/* Begin PBXGroup section */
		0426504D134DA1E9002D011A = {
			isa = PBXGroup;
			children = (
				04265062134DA1EA002D011A /* MapSample01 */,
				0426505B134DA1EA002D011A /* Frameworks */,
				04265059134DA1EA002D011A /* Products */,
			);
			sourceTree = "<group>";
		};
		04265059134DA1EA002D011A /* Products */ = {
			isa = PBXGroup;
			children = (
				04265058134DA1EA002D011A /* MapSample01.app */,
			);
			name = Products;
			sourceTree = "<group>";
		};
		0426505B134DA1EA002D011A /* Frameworks */ = {
			isa = PBXGroup;
			children = (
				0426507C134DA209002D011A /* MapKit.framework */,
				0426505C134DA1EA002D011A /* UIKit.framework */,
				0426505E134DA1EA002D011A /* Foundation.framework */,
				04265060134DA1EA002D011A /* CoreGraphics.framework */,
			);
			name = Frameworks;
			sourceTree = "<group>";
		};
		04265062134DA1EA002D011A /* MapSample01 */ = {
			isa = PBXGroup;
			children = (
				0426506B134DA1EA002D011A /* MapSample01AppDelegate.h */,
				0426506C134DA1EA002D011A /* MapSample01AppDelegate.m */,
				0426506E134DA1EA002D011A /* MainWindow.xib */,
				04265071134DA1EA002D011A /* MapSample01ViewController.h */,
				04265072134DA1EA002D011A /* MapSample01ViewController.m */,
				04265074134DA1EA002D011A /* MapSample01ViewController.xib */,
				04265063134DA1EA002D011A /* Supporting Files */,
				04265086134DA2CD002D011A /* Place.h */,
				04265087134DA2CD002D011A /* Place.m */,
			);
			path = MapSample01;
			sourceTree = "<group>";
		};
		04265063134DA1EA002D011A /* Supporting Files */ = {
			isa = PBXGroup;
			children = (
				04265064134DA1EA002D011A /* MapSample01-Info.plist */,
				04265065134DA1EA002D011A /* InfoPlist.strings */,
				04265068134DA1EA002D011A /* MapSample01-Prefix.pch */,
				04265069134DA1EA002D011A /* main.m */,
			);
			name = "Supporting Files";
			sourceTree = "<group>";
		};
/* End PBXGroup section */

/* Begin PBXNativeTarget section */
		04265057134DA1EA002D011A /* MapSample01 */ = {
			isa = PBXNativeTarget;
			buildConfigurationList = 04265079134DA1EA002D011A /* Build configuration list for PBXNativeTarget "MapSample01" */;
			buildPhases = (
				04265054134DA1EA002D011A /* Sources */,
				04265055134DA1EA002D011A /* Frameworks */,
				04265056134DA1EA002D011A /* Resources */,
			);
			buildRules = (
			);
			dependencies = (
			);
			name = MapSample01;
			productName = MapSample01;
			productReference = 04265058134DA1EA002D011A /* MapSample01.app */;
			productType = "com.apple.product-type.application";
		};
/* End PBXNativeTarget section */

/* Begin PBXProject section */
		0426504F134DA1E9002D011A /* Project object */ = {
			isa = PBXProject;
			buildConfigurationList = 04265052134DA1E9002D011A /* Build configuration list for PBXProject "MapSample01" */;
			compatibilityVersion = "Xcode 3.2";
			developmentRegion = English;
			hasScannedForEncodings = 0;
			knownRegions = (
				en,
			);
			mainGroup = 0426504D134DA1E9002D011A;
			productRefGroup = 04265059134DA1EA002D011A /* Products */;
			projectDirPath = "";
			projectRoot = "";
			targets = (
				04265057134DA1EA002D011A /* MapSample01 */,
			);
		};
/* End PBXProject section */

/* Begin PBXResourcesBuildPhase section */
		04265056134DA1EA002D011A /* Resources */ = {
			isa = PBXResourcesBuildPhase;
			buildActionMask = 2147483647;
			files = (
				04265067134DA1EA002D011A /* InfoPlist.strings in Resources */,
				04265070134DA1EA002D011A /* MainWindow.xib in Resources */,
				04265076134DA1EA002D011A /* MapSample01ViewController.xib in Resources */,
			);
			runOnlyForDeploymentPostprocessing = 0;
		};
/* End PBXResourcesBuildPhase section */

/* Begin PBXSourcesBuildPhase section */
		04265054134DA1EA002D011A /* Sources */ = {
			isa = PBXSourcesBuildPhase;
			buildActionMask = 2147483647;
			files = (
				0426506A134DA1EA002D011A /* main.m in Sources */,
				0426506D134DA1EA002D011A /* MapSample01AppDelegate.m in Sources */,
				04265073134DA1EA002D011A /* MapSample01ViewController.m in Sources */,
				04265088134DA2CD002D011A /* Place.m in Sources */,
			);
			runOnlyForDeploymentPostprocessing = 0;
		};
/* End PBXSourcesBuildPhase section */

/* Begin PBXVariantGroup section */
		04265065134DA1EA002D011A /* InfoPlist.strings */ = {
			isa = PBXVariantGroup;
			children = (
				04265066134DA1EA002D011A /* en */,
			);
			name = InfoPlist.strings;
			sourceTree = "<group>";
		};
		0426506E134DA1EA002D011A /* MainWindow.xib */ = {
			isa = PBXVariantGroup;
			children = (
				0426506F134DA1EA002D011A /* en */,
			);
			name = MainWindow.xib;
			sourceTree = "<group>";
		};
		04265074134DA1EA002D011A /* MapSample01ViewController.xib */ = {
			isa = PBXVariantGroup;
			children = (
				04265075134DA1EA002D011A /* en */,
			);
			name = MapSample01ViewController.xib;
			sourceTree = "<group>";
		};
/* End PBXVariantGroup section */

/* Begin XCBuildConfiguration section */
		04265077134DA1EA002D011A /* Debug */ = {
			isa = XCBuildConfiguration;
			buildSettings = {
				ARCHS = "$(ARCHS_STANDARD_32_BIT)";
				"CODE_SIGN_IDENTITY[sdk=iphoneos*]" = "iPhone Developer";
				GCC_C_LANGUAGE_STANDARD = gnu99;
				GCC_OPTIMIZATION_LEVEL = 0;
				GCC_PREPROCESSOR_DEFINITIONS = DEBUG;
				GCC_SYMBOLS_PRIVATE_EXTERN = NO;
				GCC_VERSION = com.apple.compilers.llvmgcc42;
				GCC_WARN_ABOUT_RETURN_TYPE = YES;
				GCC_WARN_UNUSED_VARIABLE = YES;
				IPHONEOS_DEPLOYMENT_TARGET = 4.3;
				SDKROOT = iphoneos;
			};
			name = Debug;
		};
		04265078134DA1EA002D011A /* Release */ = {
			isa = XCBuildConfiguration;
			buildSettings = {
				ARCHS = "$(ARCHS_STANDARD_32_BIT)";
				"CODE_SIGN_IDENTITY[sdk=iphoneos*]" = "iPhone Developer";
				GCC_C_LANGUAGE_STANDARD = gnu99;
				GCC_VERSION = com.apple.compilers.llvmgcc42;
				GCC_WARN_ABOUT_RETURN_TYPE = YES;
				GCC_WARN_UNUSED_VARIABLE = YES;
				IPHONEOS_DEPLOYMENT_TARGET = 4.3;
				OTHER_CFLAGS = "-DNS_BLOCK_ASSERTIONS=1";
				SDKROOT = iphoneos;
			};
			name = Release;
		};
		0426507A134DA1EA002D011A /* Debug */ = {
			isa = XCBuildConfiguration;
			buildSettings = {
				ALWAYS_SEARCH_USER_PATHS = NO;
				COPY_PHASE_STRIP = NO;
				FRAMEWORK_SEARCH_PATHS = (
					"$(inherited)",
					"\"$(DEVELOPER_DIR)/Platforms/iPhoneSimulator.platform/Developer/SDKs/iPhoneSimulator4.3.sdk/System/Library/Frameworks\"",
				);
				GCC_DYNAMIC_NO_PIC = NO;
				GCC_PRECOMPILE_PREFIX_HEADER = YES;
				GCC_PREFIX_HEADER = "MapSample01/MapSample01-Prefix.pch";
				INFOPLIST_FILE = "MapSample01/MapSample01-Info.plist";
				PRODUCT_NAME = "$(TARGET_NAME)";
				WRAPPER_EXTENSION = app;
			};
			name = Debug;
		};
		0426507B134DA1EA002D011A /* Release */ = {
			isa = XCBuildConfiguration;
			buildSettings = {
				ALWAYS_SEARCH_USER_PATHS = NO;
				COPY_PHASE_STRIP = YES;
				FRAMEWORK_SEARCH_PATHS = (
					"$(inherited)",
					"\"$(DEVELOPER_DIR)/Platforms/iPhoneSimulator.platform/Developer/SDKs/iPhoneSimulator4.3.sdk/System/Library/Frameworks\"",
				);
				GCC_PRECOMPILE_PREFIX_HEADER = YES;
				GCC_PREFIX_HEADER = "MapSample01/MapSample01-Prefix.pch";
				INFOPLIST_FILE = "MapSample01/MapSample01-Info.plist";
				PRODUCT_NAME = "$(TARGET_NAME)";
				VALIDATE_PRODUCT = YES;
				WRAPPER_EXTENSION = app;
			};
			name = Release;
		};
/* End XCBuildConfiguration section */

/* Begin XCConfigurationList section */
		04265052134DA1E9002D011A /* Build configuration list for PBXProject "MapSample01" */ = {
			isa = XCConfigurationList;
			buildConfigurations = (
				04265077134DA1EA002D011A /* Debug */,
				04265078134DA1EA002D011A /* Release */,
			);
			defaultConfigurationIsVisible = 0;
			defaultConfigurationName = Release;
		};
		04265079134DA1EA002D011A /* Build configuration list for PBXNativeTarget "MapSample01" */ = {
			isa = XCConfigurationList;
			buildConfigurations = (
				0426507A134DA1EA002D011A /* Debug */,
				0426507B134DA1EA002D011A /* Release */,
			);
			defaultConfigurationIsVisible = 0;
			defaultConfigurationName = Release;
		};
/* End XCConfigurationList section */
	};
	rootObject = 0426504F134DA1E9002D011A /* Project object */;
}
